
Microsoft Visual Studio Solution File, Format Version 12.00
# Visual Studio Version 17
VisualStudioVersion = 17.0.32112.339
MinimumVisualStudioVersion = 10.0.40219.1
Project("{FAE04EC0-301F-11D3-BF4B-00C04F79EFBC}") = "CoureAssessmentWebApi", "CoureAssessmentWebApi\CoureAssessmentWebApi.csproj", "{7CD0D7A7-6547-4365-96BD-983F20730118}"
EndProject
Project("{FAE04EC0-301F-11D3-BF4B-00C04F79EFBC}") = "CoureAssessmentConsoleApp", "CoureAssessmentConsoleApp\CoureAssessmentConsoleApp.csproj", "{41D82459-C57C-4AFD-91BC-088A152F68FB}"
EndProject
Project("{FAE04EC0-301F-11D3-BF4B-00C04F79EFBC}") = "Domain", "Domain\Domain.csproj", "{58BB78FC-952B-4AF9-B880-05B2379C7282}"
EndProject
Project("{FAE04EC0-301F-11D3-BF4B-00C04F79EFBC}") = "Repository", "Repository\Repository.csproj", "{25818C8D-87FC-4ADC-B9D6-71765C0C3652}"
EndProject
Global
	GlobalSection(SolutionConfigurationPlatforms) = preSolution
		Debug|Any CPU = Debug|Any CPU
		Release|Any CPU = Release|Any CPU
	EndGlobalSection
	GlobalSection(ProjectConfigurationPlatforms) = postSolution
		{7CD0D7A7-6547-4365-96BD-983F20730118}.Debug|Any CPU.ActiveCfg = Debug|Any CPU
		{7CD0D7A7-6547-4365-96BD-983F20730118}.Debug|Any CPU.Build.0 = Debug|Any CPU
		{7CD0D7A7-6547-4365-96BD-983F20730118}.Release|Any CPU.ActiveCfg = Release|Any CPU
		{7CD0D7A7-6547-4365-96BD-983F20730118}.Release|Any CPU.Build.0 = Release|Any CPU
		{41D82459-C57C-4AFD-91BC-088A152F68FB}.Debug|Any CPU.ActiveCfg = Debug|Any CPU
		{41D82459-C57C-4AFD-91BC-088A152F68FB}.Debug|Any CPU.Build.0 = Debug|Any CPU
		{41D82459-C57C-4AFD-91BC-088A152F68FB}.Release|Any CPU.ActiveCfg = Release|Any CPU
		{41D82459-C57C-4AFD-91BC-088A152F68FB}.Release|Any CPU.Build.0 = Release|Any CPU
		{58BB78FC-952B-4AF9-B880-05B2379C7282}.Debug|Any CPU.ActiveCfg = Debug|Any CPU
		{58BB78FC-952B-4AF9-B880-05B2379C7282}.Debug|Any CPU.Build.0 = Debug|Any CPU
		{58BB78FC-952B-4AF9-B880-05B2379C7282}.Release|Any CPU.ActiveCfg = Release|Any CPU
		{58BB78FC-952B-4AF9-B880-05B2379C7282}.Release|Any CPU.Build.0 = Release|Any CPU
		{25818C8D-87FC-4ADC-B9D6-71765C0C3652}.Debug|Any CPU.ActiveCfg = Debug|Any CPU
		{25818C8D-87FC-4ADC-B9D6-71765C0C3652}.Debug|Any CPU.Build.0 = Debug|Any CPU
		{25818C8D-87FC-4ADC-B9D6-71765C0C3652}.Release|Any CPU.ActiveCfg = Release|Any CPU
		{25818C8D-87FC-4ADC-B9D6-71765C0C3652}.Release|Any CPU.Build.0 = Release|Any CPU
	EndGlobalSection
	GlobalSection(SolutionProperties) = preSolution
		HideSolutionNode = FALSE
	EndGlobalSection
	GlobalSection(ExtensibilityGlobals) = postSolution
		SolutionGuid = {E6608D34-B4CD-4900-9864-0F76FD38A960}
	EndGlobalSection
EndGlobal
